
Microsoft Visual Studio Solution File, Format Version 12.00
# Visual Studio 15
VisualStudioVersion = 15.0.26730.16
MinimumVisualStudioVersion = 10.0.40219.1
Project("{2150E333-8FDC-42A3-9474-1A3956D46DE8}") = "Nuget", "Nuget", "{405B81EC-3E5E-4260-A3AC-824C4BF98991}"
EndProject
Project("{FAE04EC0-301F-11D3-BF4B-00C04F79EFBC}") = "Cactus.Fileserver.Tests", "Cactus.Fileserver.Tests\Cactus.Fileserver.Tests.csproj", "{E07BBF57-711F-4F38-B283-79D86C81FB3C}"
EndProject
Project("{FAE04EC0-301F-11D3-BF4B-00C04F79EFBC}") = "Cactus.Fileserver.Owin", "Cactus.Fileserver.Owin\Cactus.Fileserver.Owin.csproj", "{BDDA880E-2135-4CB9-A3E3-C2340A0F2246}"
EndProject
Project("{9A19103F-16F7-4668-BE54-9A1E7A4F7556}") = "LocalFileserverExample", "LocalFileserverExample\LocalFileserverExample.csproj", "{1ED97881-B624-4978-9EB1-469DD9E122B5}"
EndProject
Project("{FAE04EC0-301F-11D3-BF4B-00C04F79EFBC}") = "Cactus.Fileserver.ImageResizer", "Cactus.Fileserver.ImageResizer\Cactus.Fileserver.ImageResizer.csproj", "{B036D209-461F-4DEE-AB4B-471DE179ABDA}"
EndProject
Project("{FAE04EC0-301F-11D3-BF4B-00C04F79EFBC}") = "Cactus.Fileserver.ImageResizer.Nuget", "Cactus.Fileserver.ImageResizer.Nuget\Cactus.Fileserver.ImageResizer.Nuget.csproj", "{DEFFD0DC-27B6-4601-8386-9F5E4CBC832D}"
EndProject
Project("{FAE04EC0-301F-11D3-BF4B-00C04F79EFBC}") = "Cactus.Fileserver.Owin.Nuget", "Cactus.Fileserver.Owin.Nuget\Cactus.Fileserver.Owin.Nuget.csproj", "{45683811-DB79-40AF-BA34-5149BDD63DFD}"
EndProject
Project("{9A19103F-16F7-4668-BE54-9A1E7A4F7556}") = "Cactus.Fileserver.Core", "Cactus.Fileserver.Core\Cactus.Fileserver.Core.csproj", "{E4DEDC1B-6C96-4793-BD45-30B550DD1BB5}"
EndProject
Project("{9A19103F-16F7-4668-BE54-9A1E7A4F7556}") = "Cactus.Fileserver.LocalStorage", "Cactus.Fileserver.LocalStorage\Cactus.Fileserver.LocalStorage.csproj", "{4AE0236F-EDE1-4A4E-A3E5-1EF2C524AB46}"
EndProject
Project("{9A19103F-16F7-4668-BE54-9A1E7A4F7556}") = "Cactus.Fileserver.AspNetCore", "Cactus.Fileserver.AspNetCore\Cactus.Fileserver.AspNetCore.csproj", "{428CD8FA-1502-45D1-9949-B4AA90F43698}"
EndProject
Project("{9A19103F-16F7-4668-BE54-9A1E7A4F7556}") = "Cactus.Fileserver.AzureStorage", "Cactus.Fileserver.AzureStorage\Cactus.Fileserver.AzureStorage.csproj", "{B9AE74F7-36C9-4F1D-91BB-311443881AA5}"
EndProject
Global
	GlobalSection(SolutionConfigurationPlatforms) = preSolution
		Debug|Any CPU = Debug|Any CPU
		Release|Any CPU = Release|Any CPU
	EndGlobalSection
	GlobalSection(ProjectConfigurationPlatforms) = postSolution
		{E07BBF57-711F-4F38-B283-79D86C81FB3C}.Debug|Any CPU.ActiveCfg = Debug|Any CPU
		{E07BBF57-711F-4F38-B283-79D86C81FB3C}.Debug|Any CPU.Build.0 = Debug|Any CPU
		{E07BBF57-711F-4F38-B283-79D86C81FB3C}.Release|Any CPU.ActiveCfg = Release|Any CPU
		{E07BBF57-711F-4F38-B283-79D86C81FB3C}.Release|Any CPU.Build.0 = Release|Any CPU
		{BDDA880E-2135-4CB9-A3E3-C2340A0F2246}.Debug|Any CPU.ActiveCfg = Debug|Any CPU
		{BDDA880E-2135-4CB9-A3E3-C2340A0F2246}.Debug|Any CPU.Build.0 = Debug|Any CPU
		{BDDA880E-2135-4CB9-A3E3-C2340A0F2246}.Release|Any CPU.ActiveCfg = Release|Any CPU
		{BDDA880E-2135-4CB9-A3E3-C2340A0F2246}.Release|Any CPU.Build.0 = Release|Any CPU
		{1ED97881-B624-4978-9EB1-469DD9E122B5}.Debug|Any CPU.ActiveCfg = Debug|Any CPU
		{1ED97881-B624-4978-9EB1-469DD9E122B5}.Debug|Any CPU.Build.0 = Debug|Any CPU
		{1ED97881-B624-4978-9EB1-469DD9E122B5}.Release|Any CPU.ActiveCfg = Release|Any CPU
		{1ED97881-B624-4978-9EB1-469DD9E122B5}.Release|Any CPU.Build.0 = Release|Any CPU
		{B036D209-461F-4DEE-AB4B-471DE179ABDA}.Debug|Any CPU.ActiveCfg = Debug|Any CPU
		{B036D209-461F-4DEE-AB4B-471DE179ABDA}.Debug|Any CPU.Build.0 = Debug|Any CPU
		{B036D209-461F-4DEE-AB4B-471DE179ABDA}.Release|Any CPU.ActiveCfg = Release|Any CPU
		{B036D209-461F-4DEE-AB4B-471DE179ABDA}.Release|Any CPU.Build.0 = Release|Any CPU
		{DEFFD0DC-27B6-4601-8386-9F5E4CBC832D}.Debug|Any CPU.ActiveCfg = Debug|Any CPU
		{DEFFD0DC-27B6-4601-8386-9F5E4CBC832D}.Debug|Any CPU.Build.0 = Debug|Any CPU
		{DEFFD0DC-27B6-4601-8386-9F5E4CBC832D}.Release|Any CPU.ActiveCfg = Release|Any CPU
		{45683811-DB79-40AF-BA34-5149BDD63DFD}.Debug|Any CPU.ActiveCfg = Debug|Any CPU
		{45683811-DB79-40AF-BA34-5149BDD63DFD}.Debug|Any CPU.Build.0 = Debug|Any CPU
		{45683811-DB79-40AF-BA34-5149BDD63DFD}.Release|Any CPU.ActiveCfg = Release|Any CPU
		{E4DEDC1B-6C96-4793-BD45-30B550DD1BB5}.Debug|Any CPU.ActiveCfg = Debug|Any CPU
		{E4DEDC1B-6C96-4793-BD45-30B550DD1BB5}.Debug|Any CPU.Build.0 = Debug|Any CPU
		{E4DEDC1B-6C96-4793-BD45-30B550DD1BB5}.Release|Any CPU.ActiveCfg = Release|Any CPU
		{E4DEDC1B-6C96-4793-BD45-30B550DD1BB5}.Release|Any CPU.Build.0 = Release|Any CPU
		{4AE0236F-EDE1-4A4E-A3E5-1EF2C524AB46}.Debug|Any CPU.ActiveCfg = Debug|Any CPU
		{4AE0236F-EDE1-4A4E-A3E5-1EF2C524AB46}.Debug|Any CPU.Build.0 = Debug|Any CPU
		{4AE0236F-EDE1-4A4E-A3E5-1EF2C524AB46}.Release|Any CPU.ActiveCfg = Release|Any CPU
		{4AE0236F-EDE1-4A4E-A3E5-1EF2C524AB46}.Release|Any CPU.Build.0 = Release|Any CPU
		{428CD8FA-1502-45D1-9949-B4AA90F43698}.Debug|Any CPU.ActiveCfg = Debug|Any CPU
		{428CD8FA-1502-45D1-9949-B4AA90F43698}.Debug|Any CPU.Build.0 = Debug|Any CPU
		{428CD8FA-1502-45D1-9949-B4AA90F43698}.Release|Any CPU.ActiveCfg = Release|Any CPU
		{428CD8FA-1502-45D1-9949-B4AA90F43698}.Release|Any CPU.Build.0 = Release|Any CPU
		{B9AE74F7-36C9-4F1D-91BB-311443881AA5}.Debug|Any CPU.ActiveCfg = Debug|Any CPU
		{B9AE74F7-36C9-4F1D-91BB-311443881AA5}.Debug|Any CPU.Build.0 = Debug|Any CPU
		{B9AE74F7-36C9-4F1D-91BB-311443881AA5}.Release|Any CPU.ActiveCfg = Release|Any CPU
		{B9AE74F7-36C9-4F1D-91BB-311443881AA5}.Release|Any CPU.Build.0 = Release|Any CPU
	EndGlobalSection
	GlobalSection(SolutionProperties) = preSolution
		HideSolutionNode = FALSE
	EndGlobalSection
	GlobalSection(NestedProjects) = preSolution
		{DEFFD0DC-27B6-4601-8386-9F5E4CBC832D} = {405B81EC-3E5E-4260-A3AC-824C4BF98991}
		{45683811-DB79-40AF-BA34-5149BDD63DFD} = {405B81EC-3E5E-4260-A3AC-824C4BF98991}
	EndGlobalSection
	GlobalSection(ExtensibilityGlobals) = postSolution
		SolutionGuid = {650FD418-DEA3-4EA9-92A6-DBF5B0004916}
	EndGlobalSection
EndGlobal
