
Microsoft Visual Studio Solution File, Format Version 12.00
# Visual Studio 14
VisualStudioVersion = 14.0.25123.0
MinimumVisualStudioVersion = 10.0.40219.1
Project("{FAE04EC0-301F-11D3-BF4B-00C04F79EFBC}") = "Cactus.Fileserver.Tests", "Cactus.Fileserver.Tests\Cactus.Fileserver.Tests.csproj", "{E07BBF57-711F-4F38-B283-79D86C81FB3C}"
EndProject
Project("{FAE04EC0-301F-11D3-BF4B-00C04F79EFBC}") = "Cactus.Fileserver.Core", "Cactus.Fileserver.Core\Cactus.Fileserver.Core.csproj", "{18B3320E-33FA-4295-80DA-1E237A419E8F}"
EndProject
Project("{FAE04EC0-301F-11D3-BF4B-00C04F79EFBC}") = "Cactus.Fileserver.AzureStorage", "Cactus.Fileserver.AzureStorage\Cactus.Fileserver.AzureStorage.csproj", "{10C97AF7-B74A-4D99-88DC-9130C1952FBF}"
EndProject
Project("{FAE04EC0-301F-11D3-BF4B-00C04F79EFBC}") = "Cactus.Fileserver.Owin", "Cactus.Fileserver.Owin\Cactus.Fileserver.Owin.csproj", "{BDDA880E-2135-4CB9-A3E3-C2340A0F2246}"
EndProject
Project("{8BB2217D-0F2D-49D1-97BC-3654ED321F3B}") = "LocalFileserverExample", "LocalFileserverExample\LocalFileserverExample.xproj", "{1ED97881-B624-4978-9EB1-469DD9E122B5}"
EndProject
Project("{FAE04EC0-301F-11D3-BF4B-00C04F79EFBC}") = "Cactus.Fileserver.Asp5", "Cactus.Fileserver.Asp5\Cactus.Fileserver.Asp5.csproj", "{3BBE085A-7B36-40FF-AB73-573133A94F21}"
EndProject
Project("{FAE04EC0-301F-11D3-BF4B-00C04F79EFBC}") = "Cactus.Fileserver.Asp5.Images", "Cactus.Fileserver.Asp5.Images\Cactus.Fileserver.Asp5.Images.csproj", "{193131C0-78FE-41A1-87DF-E0377D90A7E6}"
EndProject
Global
	GlobalSection(SolutionConfigurationPlatforms) = preSolution
		Debug|Any CPU = Debug|Any CPU
		Release|Any CPU = Release|Any CPU
	EndGlobalSection
	GlobalSection(ProjectConfigurationPlatforms) = postSolution
		{E07BBF57-711F-4F38-B283-79D86C81FB3C}.Debug|Any CPU.ActiveCfg = Debug|Any CPU
		{E07BBF57-711F-4F38-B283-79D86C81FB3C}.Debug|Any CPU.Build.0 = Debug|Any CPU
		{E07BBF57-711F-4F38-B283-79D86C81FB3C}.Release|Any CPU.ActiveCfg = Release|Any CPU
		{E07BBF57-711F-4F38-B283-79D86C81FB3C}.Release|Any CPU.Build.0 = Release|Any CPU
		{18B3320E-33FA-4295-80DA-1E237A419E8F}.Debug|Any CPU.ActiveCfg = Debug|Any CPU
		{18B3320E-33FA-4295-80DA-1E237A419E8F}.Debug|Any CPU.Build.0 = Debug|Any CPU
		{18B3320E-33FA-4295-80DA-1E237A419E8F}.Release|Any CPU.ActiveCfg = Release|Any CPU
		{18B3320E-33FA-4295-80DA-1E237A419E8F}.Release|Any CPU.Build.0 = Release|Any CPU
		{10C97AF7-B74A-4D99-88DC-9130C1952FBF}.Debug|Any CPU.ActiveCfg = Debug|Any CPU
		{10C97AF7-B74A-4D99-88DC-9130C1952FBF}.Debug|Any CPU.Build.0 = Debug|Any CPU
		{10C97AF7-B74A-4D99-88DC-9130C1952FBF}.Release|Any CPU.ActiveCfg = Release|Any CPU
		{10C97AF7-B74A-4D99-88DC-9130C1952FBF}.Release|Any CPU.Build.0 = Release|Any CPU
		{BDDA880E-2135-4CB9-A3E3-C2340A0F2246}.Debug|Any CPU.ActiveCfg = Debug|Any CPU
		{BDDA880E-2135-4CB9-A3E3-C2340A0F2246}.Debug|Any CPU.Build.0 = Debug|Any CPU
		{BDDA880E-2135-4CB9-A3E3-C2340A0F2246}.Release|Any CPU.ActiveCfg = Release|Any CPU
		{BDDA880E-2135-4CB9-A3E3-C2340A0F2246}.Release|Any CPU.Build.0 = Release|Any CPU
		{1ED97881-B624-4978-9EB1-469DD9E122B5}.Debug|Any CPU.ActiveCfg = Debug|Any CPU
		{1ED97881-B624-4978-9EB1-469DD9E122B5}.Debug|Any CPU.Build.0 = Debug|Any CPU
		{1ED97881-B624-4978-9EB1-469DD9E122B5}.Release|Any CPU.ActiveCfg = Release|Any CPU
		{1ED97881-B624-4978-9EB1-469DD9E122B5}.Release|Any CPU.Build.0 = Release|Any CPU
		{3BBE085A-7B36-40FF-AB73-573133A94F21}.Debug|Any CPU.ActiveCfg = Debug|Any CPU
		{3BBE085A-7B36-40FF-AB73-573133A94F21}.Debug|Any CPU.Build.0 = Debug|Any CPU
		{3BBE085A-7B36-40FF-AB73-573133A94F21}.Release|Any CPU.ActiveCfg = Release|Any CPU
		{3BBE085A-7B36-40FF-AB73-573133A94F21}.Release|Any CPU.Build.0 = Release|Any CPU
		{193131C0-78FE-41A1-87DF-E0377D90A7E6}.Debug|Any CPU.ActiveCfg = Debug|Any CPU
		{193131C0-78FE-41A1-87DF-E0377D90A7E6}.Debug|Any CPU.Build.0 = Debug|Any CPU
		{193131C0-78FE-41A1-87DF-E0377D90A7E6}.Release|Any CPU.ActiveCfg = Release|Any CPU
		{193131C0-78FE-41A1-87DF-E0377D90A7E6}.Release|Any CPU.Build.0 = Release|Any CPU
	EndGlobalSection
	GlobalSection(SolutionProperties) = preSolution
		HideSolutionNode = FALSE
	EndGlobalSection
EndGlobal
